// !$*UTF8*$!
{
	archiveVersion = 1;
	classes = {
	};
	objectVersion = 56;
	objects = {

/* Begin PBXBuildFile section */
		A716AACB296718C200C3EA0D /* chatGPTResponse.swift in Sources */ = {isa = PBXBuildFile; fileRef = A716AACA296718C200C3EA0D /* chatGPTResponse.swift */; };
		A72BF18D2968A40C009963FA /* ShowDocumentsView.swift in Sources */ = {isa = PBXBuildFile; fileRef = A72BF18C2968A40C009963FA /* ShowDocumentsView.swift */; };
		A72BF18F2968A575009963FA /* Document.swift in Sources */ = {isa = PBXBuildFile; fileRef = A72BF18E2968A575009963FA /* Document.swift */; };
		A72BF1922968A748009963FA /* SwiftUIX in Frameworks */ = {isa = PBXBuildFile; productRef = A72BF1912968A748009963FA /* SwiftUIX */; };
		A72BF1952968AEB0009963FA /* Splash in Frameworks */ = {isa = PBXBuildFile; productRef = A72BF1942968AEB0009963FA /* Splash */; };
		A72BF1972968AEB0009963FA /* SplashHTMLGen in Frameworks */ = {isa = PBXBuildFile; productRef = A72BF1962968AEB0009963FA /* SplashHTMLGen */; };
		A72BF1992968AEB0009963FA /* SplashImageGen in Frameworks */ = {isa = PBXBuildFile; productRef = A72BF1982968AEB0009963FA /* SplashImageGen */; };
		A72BF19B2968AEB0009963FA /* SplashMarkdown in Frameworks */ = {isa = PBXBuildFile; productRef = A72BF19A2968AEB0009963FA /* SplashMarkdown */; };
		A72BF19D2968AEB0009963FA /* SplashTokenizer in Frameworks */ = {isa = PBXBuildFile; productRef = A72BF19C2968AEB0009963FA /* SplashTokenizer */; };
		A73417142964C79F006E9982 /* Collection.swift in Sources */ = {isa = PBXBuildFile; fileRef = A73417132964C79F006E9982 /* Collection.swift */; };
		A7341716296613DE006E9982 /* Database.swift in Sources */ = {isa = PBXBuildFile; fileRef = A7341715296613DE006E9982 /* Database.swift */; };
		A734171829661641006E9982 /* AssistantResponse.swift in Sources */ = {isa = PBXBuildFile; fileRef = A734171729661641006E9982 /* AssistantResponse.swift */; };
		A734171B296621EC006E9982 /* CodeEditor in Frameworks */ = {isa = PBXBuildFile; productRef = A734171A296621EC006E9982 /* CodeEditor */; };
		A73B27F9294EB00D00769DD6 /* ContentView.swift in Sources */ = {isa = PBXBuildFile; fileRef = A73B27F8294EB00D00769DD6 /* ContentView.swift */; };
		A74832B529673896006CFAE7 /* ActivityIndicator.swift in Sources */ = {isa = PBXBuildFile; fileRef = A74832B429673896006CFAE7 /* ActivityIndicator.swift */; };
		A74832B729673FA3006CFAE7 /* Type.swift in Sources */ = {isa = PBXBuildFile; fileRef = A74832B629673FA3006CFAE7 /* Type.swift */; };
		A750B204295F5816002AD45A /* MongoData.swift in Sources */ = {isa = PBXBuildFile; fileRef = A750B203295F5816002AD45A /* MongoData.swift */; };
		A750B206295F5848002AD45A /* ChatGPTData.swift in Sources */ = {isa = PBXBuildFile; fileRef = A750B205295F5848002AD45A /* ChatGPTData.swift */; };
		A750B209295F5AF9002AD45A /* Alamofire in Frameworks */ = {isa = PBXBuildFile; productRef = A750B208295F5AF9002AD45A /* Alamofire */; };
		A750B20B29627ECB002AD45A /* menu_button.riv in Resources */ = {isa = PBXBuildFile; fileRef = A750B20A29627ECB002AD45A /* menu_button.riv */; };
		A750B20D2962848D002AD45A /* VCard.swift in Sources */ = {isa = PBXBuildFile; fileRef = A750B20C2962848D002AD45A /* VCard.swift */; };
		A750B212296284B8002AD45A /* Feature.swift in Sources */ = {isa = PBXBuildFile; fileRef = A750B210296284B8002AD45A /* Feature.swift */; };
		A750B21429628F07002AD45A /* HomeView.swift in Sources */ = {isa = PBXBuildFile; fileRef = A750B21329628F07002AD45A /* HomeView.swift */; };
		A750B217296353C1002AD45A /* SwiftyJSON in Frameworks */ = {isa = PBXBuildFile; productRef = A750B216296353C1002AD45A /* SwiftyJSON */; };
		A750B22129636A3D002AD45A /* button.riv in Resources */ = {isa = PBXBuildFile; fileRef = A750B22029636A3D002AD45A /* button.riv */; };
		A77D10CA2958D4A3002C9DD4 /* house.riv in Resources */ = {isa = PBXBuildFile; fileRef = A77D10C32958D4A3002C9DD4 /* house.riv */; };
		A77D10CB2958D4A3002C9DD4 /* confetti.riv in Resources */ = {isa = PBXBuildFile; fileRef = A77D10C42958D4A3002C9DD4 /* confetti.riv */; };
		A77D10CC2958D4A3002C9DD4 /* check.riv in Resources */ = {isa = PBXBuildFile; fileRef = A77D10C52958D4A3002C9DD4 /* check.riv */; };
		A77D10D02958D4A3002C9DD4 /* icons.riv in Resources */ = {isa = PBXBuildFile; fileRef = A77D10C92958D4A3002C9DD4 /* icons.riv */; };
		A77D10D32958D509002C9DD4 /* RiveRuntime in Frameworks */ = {isa = PBXBuildFile; productRef = A77D10D22958D509002C9DD4 /* RiveRuntime */; };
		A77D10D52958D527002C9DD4 /* OnBoardingView.swift in Sources */ = {isa = PBXBuildFile; fileRef = A77D10D42958D527002C9DD4 /* OnBoardingView.swift */; };
		A77D10D72958D59A002C9DD4 /* shapes.riv in Resources */ = {isa = PBXBuildFile; fileRef = A77D10D62958D59A002C9DD4 /* shapes.riv */; };
		A77D10DE2958E965002C9DD4 /* Inter-Regular.ttf in Resources */ = {isa = PBXBuildFile; fileRef = A77D10DB2958E964002C9DD4 /* Inter-Regular.ttf */; };
		A77D10DF2958E965002C9DD4 /* Poppins-Bold.ttf in Resources */ = {isa = PBXBuildFile; fileRef = A77D10DC2958E964002C9DD4 /* Poppins-Bold.ttf */; };
		A77D10E02958E965002C9DD4 /* Inter-SemiBold.ttf in Resources */ = {isa = PBXBuildFile; fileRef = A77D10DD2958E964002C9DD4 /* Inter-SemiBold.ttf */; };
		A77D10E32958ECA6002C9DD4 /* CustomFont.swift in Sources */ = {isa = PBXBuildFile; fileRef = A77D10E22958ECA6002C9DD4 /* CustomFont.swift */; };
		A77D10E629591CC3002C9DD4 /* SignInView.swift in Sources */ = {isa = PBXBuildFile; fileRef = A77D10E529591CC3002C9DD4 /* SignInView.swift */; };
		A77D10E82959223B002C9DD4 /* CustomTextField.swift in Sources */ = {isa = PBXBuildFile; fileRef = A77D10E72959223B002C9DD4 /* CustomTextField.swift */; };
		A77D10EA29592410002C9DD4 /* Extensions.swift in Sources */ = {isa = PBXBuildFile; fileRef = A77D10E929592410002C9DD4 /* Extensions.swift */; };
		A78559CE2941684C005239A2 /* MongoGPT3DemoApp.swift in Sources */ = {isa = PBXBuildFile; fileRef = A78559CD2941684C005239A2 /* MongoGPT3DemoApp.swift */; };
		A78559D02941684C005239A2 /* LoginView.swift in Sources */ = {isa = PBXBuildFile; fileRef = A78559CF2941684C005239A2 /* LoginView.swift */; };
		A78559D22941684E005239A2 /* Assets.xcassets in Resources */ = {isa = PBXBuildFile; fileRef = A78559D12941684E005239A2 /* Assets.xcassets */; };
		A78559D52941684E005239A2 /* Preview Assets.xcassets in Resources */ = {isa = PBXBuildFile; fileRef = A78559D42941684E005239A2 /* Preview Assets.xcassets */; };
		A78559DC29417E42005239A2 /* README.md in Resources */ = {isa = PBXBuildFile; fileRef = A78559DB29417E42005239A2 /* README.md */; };
		A78559DF29417EDC005239A2 /* login.png in Resources */ = {isa = PBXBuildFile; fileRef = A78559DE29417EDC005239A2 /* login.png */; };
		A78559FC294195DE005239A2 /* OpenAISwift in Frameworks */ = {isa = PBXBuildFile; productRef = A78559FB294195DE005239A2 /* OpenAISwift */; };
		A7E456D8296379B8005AE2BE /* SideMenu.swift in Sources */ = {isa = PBXBuildFile; fileRef = A7E456D7296379B8005AE2BE /* SideMenu.swift */; };
		A7E456DA2963BD0A005AE2BE /* MenuRow.swift in Sources */ = {isa = PBXBuildFile; fileRef = A7E456D92963BD0A005AE2BE /* MenuRow.swift */; };
		A7E456DE2963D49B005AE2BE /* MqlView.swift in Sources */ = {isa = PBXBuildFile; fileRef = A7E456DD2963D49B005AE2BE /* MqlView.swift */; };
		A7E456E02963D4A9005AE2BE /* ChatGPTView.swift in Sources */ = {isa = PBXBuildFile; fileRef = A7E456DF2963D4A9005AE2BE /* ChatGPTView.swift */; };
		A7E456E22963D4CB005AE2BE /* AggregationView.swift in Sources */ = {isa = PBXBuildFile; fileRef = A7E456E12963D4CB005AE2BE /* AggregationView.swift */; };
/* End PBXBuildFile section */

/* Begin PBXFileReference section */
		A716AACA296718C200C3EA0D /* chatGPTResponse.swift */ = {isa = PBXFileReference; lastKnownFileType = sourcecode.swift; path = chatGPTResponse.swift; sourceTree = "<group>"; };
		A72BF18C2968A40C009963FA /* ShowDocumentsView.swift */ = {isa = PBXFileReference; lastKnownFileType = sourcecode.swift; path = ShowDocumentsView.swift; sourceTree = "<group>"; };
		A72BF18E2968A575009963FA /* Document.swift */ = {isa = PBXFileReference; lastKnownFileType = sourcecode.swift; path = Document.swift; sourceTree = "<group>"; };
		A73417132964C79F006E9982 /* Collection.swift */ = {isa = PBXFileReference; lastKnownFileType = sourcecode.swift; path = Collection.swift; sourceTree = "<group>"; };
		A7341715296613DE006E9982 /* Database.swift */ = {isa = PBXFileReference; lastKnownFileType = sourcecode.swift; path = Database.swift; sourceTree = "<group>"; };
		A734171729661641006E9982 /* AssistantResponse.swift */ = {isa = PBXFileReference; lastKnownFileType = sourcecode.swift; path = AssistantResponse.swift; sourceTree = "<group>"; };
		A73B27F8294EB00D00769DD6 /* ContentView.swift */ = {isa = PBXFileReference; lastKnownFileType = sourcecode.swift; path = ContentView.swift; sourceTree = "<group>"; };
		A74832B429673896006CFAE7 /* ActivityIndicator.swift */ = {isa = PBXFileReference; lastKnownFileType = sourcecode.swift; path = ActivityIndicator.swift; sourceTree = "<group>"; };
		A74832B629673FA3006CFAE7 /* Type.swift */ = {isa = PBXFileReference; lastKnownFileType = sourcecode.swift; path = Type.swift; sourceTree = "<group>"; };
		A750B203295F5816002AD45A /* MongoData.swift */ = {isa = PBXFileReference; lastKnownFileType = sourcecode.swift; path = MongoData.swift; sourceTree = "<group>"; };
		A750B205295F5848002AD45A /* ChatGPTData.swift */ = {isa = PBXFileReference; lastKnownFileType = sourcecode.swift; path = ChatGPTData.swift; sourceTree = "<group>"; };
		A750B20A29627ECB002AD45A /* menu_button.riv */ = {isa = PBXFileReference; lastKnownFileType = file; path = menu_button.riv; sourceTree = "<group>"; };
		A750B20C2962848D002AD45A /* VCard.swift */ = {isa = PBXFileReference; lastKnownFileType = sourcecode.swift; path = VCard.swift; sourceTree = "<group>"; };
		A750B210296284B8002AD45A /* Feature.swift */ = {isa = PBXFileReference; fileEncoding = 4; lastKnownFileType = sourcecode.swift; path = Feature.swift; sourceTree = "<group>"; };
		A750B21329628F07002AD45A /* HomeView.swift */ = {isa = PBXFileReference; lastKnownFileType = sourcecode.swift; path = HomeView.swift; sourceTree = "<group>"; };
		A750B22029636A3D002AD45A /* button.riv */ = {isa = PBXFileReference; lastKnownFileType = file; path = button.riv; sourceTree = "<group>"; };
		A77D10C32958D4A3002C9DD4 /* house.riv */ = {isa = PBXFileReference; lastKnownFileType = file; path = house.riv; sourceTree = "<group>"; };
		A77D10C42958D4A3002C9DD4 /* confetti.riv */ = {isa = PBXFileReference; lastKnownFileType = file; path = confetti.riv; sourceTree = "<group>"; };
		A77D10C52958D4A3002C9DD4 /* check.riv */ = {isa = PBXFileReference; lastKnownFileType = file; path = check.riv; sourceTree = "<group>"; };
		A77D10C92958D4A3002C9DD4 /* icons.riv */ = {isa = PBXFileReference; lastKnownFileType = file; path = icons.riv; sourceTree = "<group>"; };
		A77D10D42958D527002C9DD4 /* OnBoardingView.swift */ = {isa = PBXFileReference; lastKnownFileType = sourcecode.swift; path = OnBoardingView.swift; sourceTree = "<group>"; };
		A77D10D62958D59A002C9DD4 /* shapes.riv */ = {isa = PBXFileReference; lastKnownFileType = file; path = shapes.riv; sourceTree = "<group>"; };
		A77D10DB2958E964002C9DD4 /* Inter-Regular.ttf */ = {isa = PBXFileReference; lastKnownFileType = file; path = "Inter-Regular.ttf"; sourceTree = "<group>"; };
		A77D10DC2958E964002C9DD4 /* Poppins-Bold.ttf */ = {isa = PBXFileReference; lastKnownFileType = file; path = "Poppins-Bold.ttf"; sourceTree = "<group>"; };
		A77D10DD2958E964002C9DD4 /* Inter-SemiBold.ttf */ = {isa = PBXFileReference; lastKnownFileType = file; path = "Inter-SemiBold.ttf"; sourceTree = "<group>"; };
		A77D10E12958EA04002C9DD4 /* Info.plist */ = {isa = PBXFileReference; lastKnownFileType = text.plist; path = Info.plist; sourceTree = "<group>"; };
		A77D10E22958ECA6002C9DD4 /* CustomFont.swift */ = {isa = PBXFileReference; lastKnownFileType = sourcecode.swift; path = CustomFont.swift; sourceTree = "<group>"; };
		A77D10E529591CC3002C9DD4 /* SignInView.swift */ = {isa = PBXFileReference; lastKnownFileType = sourcecode.swift; path = SignInView.swift; sourceTree = "<group>"; };
		A77D10E72959223B002C9DD4 /* CustomTextField.swift */ = {isa = PBXFileReference; lastKnownFileType = sourcecode.swift; path = CustomTextField.swift; sourceTree = "<group>"; };
		A77D10E929592410002C9DD4 /* Extensions.swift */ = {isa = PBXFileReference; lastKnownFileType = sourcecode.swift; path = Extensions.swift; sourceTree = "<group>"; };
		A78559CA2941684C005239A2 /* MongoGPT3Demo.app */ = {isa = PBXFileReference; explicitFileType = wrapper.application; includeInIndex = 0; path = MongoGPT3Demo.app; sourceTree = BUILT_PRODUCTS_DIR; };
		A78559CD2941684C005239A2 /* MongoGPT3DemoApp.swift */ = {isa = PBXFileReference; lastKnownFileType = sourcecode.swift; path = MongoGPT3DemoApp.swift; sourceTree = "<group>"; };
		A78559CF2941684C005239A2 /* LoginView.swift */ = {isa = PBXFileReference; lastKnownFileType = sourcecode.swift; path = LoginView.swift; sourceTree = "<group>"; };
		A78559D12941684E005239A2 /* Assets.xcassets */ = {isa = PBXFileReference; lastKnownFileType = folder.assetcatalog; path = Assets.xcassets; sourceTree = "<group>"; };
		A78559D42941684E005239A2 /* Preview Assets.xcassets */ = {isa = PBXFileReference; lastKnownFileType = folder.assetcatalog; path = "Preview Assets.xcassets"; sourceTree = "<group>"; };
		A78559DB29417E42005239A2 /* README.md */ = {isa = PBXFileReference; lastKnownFileType = net.daringfireball.markdown; path = README.md; sourceTree = "<group>"; };
		A78559DE29417EDC005239A2 /* login.png */ = {isa = PBXFileReference; lastKnownFileType = image.png; path = login.png; sourceTree = "<group>"; };
		A7E456D7296379B8005AE2BE /* SideMenu.swift */ = {isa = PBXFileReference; lastKnownFileType = sourcecode.swift; path = SideMenu.swift; sourceTree = "<group>"; };
		A7E456D92963BD0A005AE2BE /* MenuRow.swift */ = {isa = PBXFileReference; lastKnownFileType = sourcecode.swift; path = MenuRow.swift; sourceTree = "<group>"; };
		A7E456DD2963D49B005AE2BE /* MqlView.swift */ = {isa = PBXFileReference; lastKnownFileType = sourcecode.swift; path = MqlView.swift; sourceTree = "<group>"; };
		A7E456DF2963D4A9005AE2BE /* ChatGPTView.swift */ = {isa = PBXFileReference; lastKnownFileType = sourcecode.swift; path = ChatGPTView.swift; sourceTree = "<group>"; };
		A7E456E12963D4CB005AE2BE /* AggregationView.swift */ = {isa = PBXFileReference; lastKnownFileType = sourcecode.swift; path = AggregationView.swift; sourceTree = "<group>"; };
/* End PBXFileReference section */

/* Begin PBXFrameworksBuildPhase section */
		A78559C72941684C005239A2 /* Frameworks */ = {
			isa = PBXFrameworksBuildPhase;
			buildActionMask = 2147483647;
			files = (
				A72BF19B2968AEB0009963FA /* SplashMarkdown in Frameworks */,
				A72BF1922968A748009963FA /* SwiftUIX in Frameworks */,
				A750B209295F5AF9002AD45A /* Alamofire in Frameworks */,
				A734171B296621EC006E9982 /* CodeEditor in Frameworks */,
				A72BF19D2968AEB0009963FA /* SplashTokenizer in Frameworks */,
				A72BF1952968AEB0009963FA /* Splash in Frameworks */,
				A77D10D32958D509002C9DD4 /* RiveRuntime in Frameworks */,
				A750B217296353C1002AD45A /* SwiftyJSON in Frameworks */,
				A72BF1992968AEB0009963FA /* SplashImageGen in Frameworks */,
				A78559FC294195DE005239A2 /* OpenAISwift in Frameworks */,
				A72BF1972968AEB0009963FA /* SplashHTMLGen in Frameworks */,
			);
			runOnlyForDeploymentPostprocessing = 0;
		};
/* End PBXFrameworksBuildPhase section */

/* Begin PBXGroup section */
		A73B27F7294EAFEE00769DD6 /* Views */ = {
			isa = PBXGroup;
			children = (
				A7E456DC2963D487005AE2BE /* Categories */,
				A77D10D42958D527002C9DD4 /* OnBoardingView.swift */,
				A77D10E529591CC3002C9DD4 /* SignInView.swift */,
				A73B27F8294EB00D00769DD6 /* ContentView.swift */,
				A750B21329628F07002AD45A /* HomeView.swift */,
			);
			path = Views;
			sourceTree = "<group>";
		};
		A750B202295F57E3002AD45A /* Data */ = {
			isa = PBXGroup;
			children = (
				A750B203295F5816002AD45A /* MongoData.swift */,
				A750B205295F5848002AD45A /* ChatGPTData.swift */,
			);
			path = Data;
			sourceTree = "<group>";
		};
		A750B20E296284B8002AD45A /* Model */ = {
			isa = PBXGroup;
			children = (
				A750B210296284B8002AD45A /* Feature.swift */,
				A74832B629673FA3006CFAE7 /* Type.swift */,
				A73417132964C79F006E9982 /* Collection.swift */,
				A7341715296613DE006E9982 /* Database.swift */,
				A72BF18E2968A575009963FA /* Document.swift */,
			);
			path = Model;
			sourceTree = "<group>";
		};
		A77D10C22958D4A3002C9DD4 /* RiveAssets */ = {
			isa = PBXGroup;
			children = (
				A77D10C32958D4A3002C9DD4 /* house.riv */,
				A77D10C42958D4A3002C9DD4 /* confetti.riv */,
				A750B20A29627ECB002AD45A /* menu_button.riv */,
				A750B22029636A3D002AD45A /* button.riv */,
				A77D10C52958D4A3002C9DD4 /* check.riv */,
				A77D10D62958D59A002C9DD4 /* shapes.riv */,
				A77D10C92958D4A3002C9DD4 /* icons.riv */,
			);
			path = RiveAssets;
			sourceTree = "<group>";
		};
		A77D10DA2958E964002C9DD4 /* Fonts */ = {
			isa = PBXGroup;
			children = (
				A77D10DB2958E964002C9DD4 /* Inter-Regular.ttf */,
				A77D10DC2958E964002C9DD4 /* Poppins-Bold.ttf */,
				A77D10DD2958E964002C9DD4 /* Inter-SemiBold.ttf */,
			);
			path = Fonts;
			sourceTree = "<group>";
		};
		A77D10E42958EF1C002C9DD4 /* Styles */ = {
			isa = PBXGroup;
			children = (
				A77D10E22958ECA6002C9DD4 /* CustomFont.swift */,
				A77D10E72959223B002C9DD4 /* CustomTextField.swift */,
				A77D10E929592410002C9DD4 /* Extensions.swift */,
			);
			path = Styles;
			sourceTree = "<group>";
		};
		A78559C12941684C005239A2 = {
			isa = PBXGroup;
			children = (
				A78559DD29417E7B005239A2 /* Images */,
				A78559DB29417E42005239A2 /* README.md */,
				A78559CC2941684C005239A2 /* MongoGPT3Demo */,
				A78559CB2941684C005239A2 /* Products */,
			);
			sourceTree = "<group>";
		};
		A78559CB2941684C005239A2 /* Products */ = {
			isa = PBXGroup;
			children = (
				A78559CA2941684C005239A2 /* MongoGPT3Demo.app */,
			);
			name = Products;
			sourceTree = "<group>";
		};
		A78559CC2941684C005239A2 /* MongoGPT3Demo */ = {
			isa = PBXGroup;
			children = (
				A77D10E12958EA04002C9DD4 /* Info.plist */,
				A78559CD2941684C005239A2 /* MongoGPT3DemoApp.swift */,
				A78559CF2941684C005239A2 /* LoginView.swift */,
				A750B202295F57E3002AD45A /* Data */,
				A750B20E296284B8002AD45A /* Model */,
				A7E456DB2963D3C0005AE2BE /* Components */,
				A73B27F7294EAFEE00769DD6 /* Views */,
				A78559D12941684E005239A2 /* Assets.xcassets */,
				A77D10E42958EF1C002C9DD4 /* Styles */,
				A77D10DA2958E964002C9DD4 /* Fonts */,
				A77D10C22958D4A3002C9DD4 /* RiveAssets */,
				A78559D32941684E005239A2 /* Preview Content */,
			);
			path = MongoGPT3Demo;
			sourceTree = "<group>";
		};
		A78559D32941684E005239A2 /* Preview Content */ = {
			isa = PBXGroup;
			children = (
				A78559D42941684E005239A2 /* Preview Assets.xcassets */,
			);
			path = "Preview Content";
			sourceTree = "<group>";
		};
		A78559DD29417E7B005239A2 /* Images */ = {
			isa = PBXGroup;
			children = (
				A78559DE29417EDC005239A2 /* login.png */,
			);
			path = Images;
			sourceTree = "<group>";
		};
		A7E456DB2963D3C0005AE2BE /* Components */ = {
			isa = PBXGroup;
			children = (
				A7E456D7296379B8005AE2BE /* SideMenu.swift */,
				A7E456D92963BD0A005AE2BE /* MenuRow.swift */,
				A750B20C2962848D002AD45A /* VCard.swift */,
				A716AACA296718C200C3EA0D /* chatGPTResponse.swift */,
				A734171729661641006E9982 /* AssistantResponse.swift */,
				A72BF18C2968A40C009963FA /* ShowDocumentsView.swift */,
				A74832B429673896006CFAE7 /* ActivityIndicator.swift */,
			);
			path = Components;
			sourceTree = "<group>";
		};
		A7E456DC2963D487005AE2BE /* Categories */ = {
			isa = PBXGroup;
			children = (
				A7E456DD2963D49B005AE2BE /* MqlView.swift */,
				A7E456DF2963D4A9005AE2BE /* ChatGPTView.swift */,
				A7E456E12963D4CB005AE2BE /* AggregationView.swift */,
			);
			path = Categories;
			sourceTree = "<group>";
		};
/* End PBXGroup section */

/* Begin PBXNativeTarget section */
		A78559C92941684C005239A2 /* MongoGPT3Demo */ = {
			isa = PBXNativeTarget;
			buildConfigurationList = A78559D82941684E005239A2 /* Build configuration list for PBXNativeTarget "MongoGPT3Demo" */;
			buildPhases = (
				A78559C62941684C005239A2 /* Sources */,
				A78559C72941684C005239A2 /* Frameworks */,
				A78559C82941684C005239A2 /* Resources */,
			);
			buildRules = (
			);
			dependencies = (
			);
			name = MongoGPT3Demo;
			packageProductDependencies = (
				A78559FB294195DE005239A2 /* OpenAISwift */,
				A77D10D22958D509002C9DD4 /* RiveRuntime */,
				A750B208295F5AF9002AD45A /* Alamofire */,
				A750B216296353C1002AD45A /* SwiftyJSON */,
				A734171A296621EC006E9982 /* CodeEditor */,
				A72BF1912968A748009963FA /* SwiftUIX */,
				A72BF1942968AEB0009963FA /* Splash */,
				A72BF1962968AEB0009963FA /* SplashHTMLGen */,
				A72BF1982968AEB0009963FA /* SplashImageGen */,
				A72BF19A2968AEB0009963FA /* SplashMarkdown */,
				A72BF19C2968AEB0009963FA /* SplashTokenizer */,
			);
			productName = MongoGPT3Demo;
			productReference = A78559CA2941684C005239A2 /* MongoGPT3Demo.app */;
			productType = "com.apple.product-type.application";
		};
/* End PBXNativeTarget section */

/* Begin PBXProject section */
		A78559C22941684C005239A2 /* Project object */ = {
			isa = PBXProject;
			attributes = {
				BuildIndependentTargetsInParallel = 1;
				LastSwiftUpdateCheck = 1410;
				LastUpgradeCheck = 1410;
				TargetAttributes = {
					A78559C92941684C005239A2 = {
						CreatedOnToolsVersion = 14.1;
					};
				};
			};
			buildConfigurationList = A78559C52941684C005239A2 /* Build configuration list for PBXProject "MongoGPT3Demo" */;
			compatibilityVersion = "Xcode 14.0";
			developmentRegion = en;
			hasScannedForEncodings = 0;
			knownRegions = (
				en,
				Base,
			);
			mainGroup = A78559C12941684C005239A2;
			packageReferences = (
				A78559FA294195DE005239A2 /* XCRemoteSwiftPackageReference "OpenAISwift" */,
				A77D10D12958D508002C9DD4 /* XCRemoteSwiftPackageReference "rive-ios" */,
				A750B207295F5AF8002AD45A /* XCRemoteSwiftPackageReference "Alamofire" */,
				A750B215296353C0002AD45A /* XCRemoteSwiftPackageReference "SwiftyJSON" */,
				A7341719296621EC006E9982 /* XCRemoteSwiftPackageReference "CodeEditor" */,
				A72BF1902968A748009963FA /* XCRemoteSwiftPackageReference "SwiftUIX" */,
				A72BF1932968AEB0009963FA /* XCRemoteSwiftPackageReference "Splash" */,
			);
			productRefGroup = A78559CB2941684C005239A2 /* Products */;
			projectDirPath = "";
			projectRoot = "";
			targets = (
				A78559C92941684C005239A2 /* MongoGPT3Demo */,
			);
		};
/* End PBXProject section */

/* Begin PBXResourcesBuildPhase section */
		A78559C82941684C005239A2 /* Resources */ = {
			isa = PBXResourcesBuildPhase;
			buildActionMask = 2147483647;
			files = (
				A78559DF29417EDC005239A2 /* login.png in Resources */,
				A750B22129636A3D002AD45A /* button.riv in Resources */,
				A77D10CB2958D4A3002C9DD4 /* confetti.riv in Resources */,
				A77D10CA2958D4A3002C9DD4 /* house.riv in Resources */,
				A77D10D72958D59A002C9DD4 /* shapes.riv in Resources */,
				A78559DC29417E42005239A2 /* README.md in Resources */,
				A78559D52941684E005239A2 /* Preview Assets.xcassets in Resources */,
				A77D10E02958E965002C9DD4 /* Inter-SemiBold.ttf in Resources */,
				A77D10CC2958D4A3002C9DD4 /* check.riv in Resources */,
				A77D10DF2958E965002C9DD4 /* Poppins-Bold.ttf in Resources */,
				A78559D22941684E005239A2 /* Assets.xcassets in Resources */,
				A77D10D02958D4A3002C9DD4 /* icons.riv in Resources */,
				A77D10DE2958E965002C9DD4 /* Inter-Regular.ttf in Resources */,
				A750B20B29627ECB002AD45A /* menu_button.riv in Resources */,
			);
			runOnlyForDeploymentPostprocessing = 0;
		};
/* End PBXResourcesBuildPhase section */

/* Begin PBXSourcesBuildPhase section */
		A78559C62941684C005239A2 /* Sources */ = {
			isa = PBXSourcesBuildPhase;
			buildActionMask = 2147483647;
			files = (
				A734171829661641006E9982 /* AssistantResponse.swift in Sources */,
				A750B212296284B8002AD45A /* Feature.swift in Sources */,
				A750B21429628F07002AD45A /* HomeView.swift in Sources */,
				A77D10E82959223B002C9DD4 /* CustomTextField.swift in Sources */,
				A750B206295F5848002AD45A /* ChatGPTData.swift in Sources */,
				A77D10E629591CC3002C9DD4 /* SignInView.swift in Sources */,
				A7E456DA2963BD0A005AE2BE /* MenuRow.swift in Sources */,
				A7E456E02963D4A9005AE2BE /* ChatGPTView.swift in Sources */,
				A73417142964C79F006E9982 /* Collection.swift in Sources */,
				A77D10E32958ECA6002C9DD4 /* CustomFont.swift in Sources */,
				A77D10EA29592410002C9DD4 /* Extensions.swift in Sources */,
				A750B20D2962848D002AD45A /* VCard.swift in Sources */,
				A74832B529673896006CFAE7 /* ActivityIndicator.swift in Sources */,
				A750B204295F5816002AD45A /* MongoData.swift in Sources */,
				A73B27F9294EB00D00769DD6 /* ContentView.swift in Sources */,
				A77D10D52958D527002C9DD4 /* OnBoardingView.swift in Sources */,
				A7E456D8296379B8005AE2BE /* SideMenu.swift in Sources */,
				A7E456DE2963D49B005AE2BE /* MqlView.swift in Sources */,
				A78559D02941684C005239A2 /* LoginView.swift in Sources */,
				A78559CE2941684C005239A2 /* MongoGPT3DemoApp.swift in Sources */,
				A7341716296613DE006E9982 /* Database.swift in Sources */,
				A716AACB296718C200C3EA0D /* chatGPTResponse.swift in Sources */,
				A72BF18F2968A575009963FA /* Document.swift in Sources */,
				A72BF18D2968A40C009963FA /* ShowDocumentsView.swift in Sources */,
				A7E456E22963D4CB005AE2BE /* AggregationView.swift in Sources */,
				A74832B729673FA3006CFAE7 /* Type.swift in Sources */,
			);
			runOnlyForDeploymentPostprocessing = 0;
		};
/* End PBXSourcesBuildPhase section */

/* Begin XCBuildConfiguration section */
		A78559D62941684E005239A2 /* Debug */ = {
			isa = XCBuildConfiguration;
			buildSettings = {
				ALWAYS_SEARCH_USER_PATHS = NO;
				CLANG_ANALYZER_NONNULL = YES;
				CLANG_ANALYZER_NUMBER_OBJECT_CONVERSION = YES_AGGRESSIVE;
				CLANG_CXX_LANGUAGE_STANDARD = "gnu++20";
				CLANG_ENABLE_MODULES = YES;
				CLANG_ENABLE_OBJC_ARC = YES;
				CLANG_ENABLE_OBJC_WEAK = YES;
				CLANG_WARN_BLOCK_CAPTURE_AUTORELEASING = YES;
				CLANG_WARN_BOOL_CONVERSION = YES;
				CLANG_WARN_COMMA = YES;
				CLANG_WARN_CONSTANT_CONVERSION = YES;
				CLANG_WARN_DEPRECATED_OBJC_IMPLEMENTATIONS = YES;
				CLANG_WARN_DIRECT_OBJC_ISA_USAGE = YES_ERROR;
				CLANG_WARN_DOCUMENTATION_COMMENTS = YES;
				CLANG_WARN_EMPTY_BODY = YES;
				CLANG_WARN_ENUM_CONVERSION = YES;
				CLANG_WARN_INFINITE_RECURSION = YES;
				CLANG_WARN_INT_CONVERSION = YES;
				CLANG_WARN_NON_LITERAL_NULL_CONVERSION = YES;
				CLANG_WARN_OBJC_IMPLICIT_RETAIN_SELF = YES;
				CLANG_WARN_OBJC_LITERAL_CONVERSION = YES;
				CLANG_WARN_OBJC_ROOT_CLASS = YES_ERROR;
				CLANG_WARN_QUOTED_INCLUDE_IN_FRAMEWORK_HEADER = YES;
				CLANG_WARN_RANGE_LOOP_ANALYSIS = YES;
				CLANG_WARN_STRICT_PROTOTYPES = YES;
				CLANG_WARN_SUSPICIOUS_MOVE = YES;
				CLANG_WARN_UNGUARDED_AVAILABILITY = YES_AGGRESSIVE;
				CLANG_WARN_UNREACHABLE_CODE = YES;
				CLANG_WARN__DUPLICATE_METHOD_MATCH = YES;
				COPY_PHASE_STRIP = NO;
				DEBUG_INFORMATION_FORMAT = dwarf;
				ENABLE_STRICT_OBJC_MSGSEND = YES;
				ENABLE_TESTABILITY = YES;
				GCC_C_LANGUAGE_STANDARD = gnu11;
				GCC_DYNAMIC_NO_PIC = NO;
				GCC_NO_COMMON_BLOCKS = YES;
				GCC_OPTIMIZATION_LEVEL = 0;
				GCC_PREPROCESSOR_DEFINITIONS = (
					"DEBUG=1",
					"$(inherited)",
				);
				GCC_WARN_64_TO_32_BIT_CONVERSION = YES;
				GCC_WARN_ABOUT_RETURN_TYPE = YES_ERROR;
				GCC_WARN_UNDECLARED_SELECTOR = YES;
				GCC_WARN_UNINITIALIZED_AUTOS = YES_AGGRESSIVE;
				GCC_WARN_UNUSED_FUNCTION = YES;
				GCC_WARN_UNUSED_VARIABLE = YES;
				IPHONEOS_DEPLOYMENT_TARGET = 15.0;
				MTL_ENABLE_DEBUG_INFO = INCLUDE_SOURCE;
				MTL_FAST_MATH = YES;
				ONLY_ACTIVE_ARCH = YES;
				SDKROOT = iphoneos;
				SWIFT_ACTIVE_COMPILATION_CONDITIONS = DEBUG;
				SWIFT_OPTIMIZATION_LEVEL = "-Onone";
			};
			name = Debug;
		};
		A78559D72941684E005239A2 /* Release */ = {
			isa = XCBuildConfiguration;
			buildSettings = {
				ALWAYS_SEARCH_USER_PATHS = NO;
				CLANG_ANALYZER_NONNULL = YES;
				CLANG_ANALYZER_NUMBER_OBJECT_CONVERSION = YES_AGGRESSIVE;
				CLANG_CXX_LANGUAGE_STANDARD = "gnu++20";
				CLANG_ENABLE_MODULES = YES;
				CLANG_ENABLE_OBJC_ARC = YES;
				CLANG_ENABLE_OBJC_WEAK = YES;
				CLANG_WARN_BLOCK_CAPTURE_AUTORELEASING = YES;
				CLANG_WARN_BOOL_CONVERSION = YES;
				CLANG_WARN_COMMA = YES;
				CLANG_WARN_CONSTANT_CONVERSION = YES;
				CLANG_WARN_DEPRECATED_OBJC_IMPLEMENTATIONS = YES;
				CLANG_WARN_DIRECT_OBJC_ISA_USAGE = YES_ERROR;
				CLANG_WARN_DOCUMENTATION_COMMENTS = YES;
				CLANG_WARN_EMPTY_BODY = YES;
				CLANG_WARN_ENUM_CONVERSION = YES;
				CLANG_WARN_INFINITE_RECURSION = YES;
				CLANG_WARN_INT_CONVERSION = YES;
				CLANG_WARN_NON_LITERAL_NULL_CONVERSION = YES;
				CLANG_WARN_OBJC_IMPLICIT_RETAIN_SELF = YES;
				CLANG_WARN_OBJC_LITERAL_CONVERSION = YES;
				CLANG_WARN_OBJC_ROOT_CLASS = YES_ERROR;
				CLANG_WARN_QUOTED_INCLUDE_IN_FRAMEWORK_HEADER = YES;
				CLANG_WARN_RANGE_LOOP_ANALYSIS = YES;
				CLANG_WARN_STRICT_PROTOTYPES = YES;
				CLANG_WARN_SUSPICIOUS_MOVE = YES;
				CLANG_WARN_UNGUARDED_AVAILABILITY = YES_AGGRESSIVE;
				CLANG_WARN_UNREACHABLE_CODE = YES;
				CLANG_WARN__DUPLICATE_METHOD_MATCH = YES;
				COPY_PHASE_STRIP = NO;
				DEBUG_INFORMATION_FORMAT = "dwarf-with-dsym";
				ENABLE_NS_ASSERTIONS = NO;
				ENABLE_STRICT_OBJC_MSGSEND = YES;
				GCC_C_LANGUAGE_STANDARD = gnu11;
				GCC_NO_COMMON_BLOCKS = YES;
				GCC_WARN_64_TO_32_BIT_CONVERSION = YES;
				GCC_WARN_ABOUT_RETURN_TYPE = YES_ERROR;
				GCC_WARN_UNDECLARED_SELECTOR = YES;
				GCC_WARN_UNINITIALIZED_AUTOS = YES_AGGRESSIVE;
				GCC_WARN_UNUSED_FUNCTION = YES;
				GCC_WARN_UNUSED_VARIABLE = YES;
				IPHONEOS_DEPLOYMENT_TARGET = 15.0;
				MTL_ENABLE_DEBUG_INFO = NO;
				MTL_FAST_MATH = YES;
				SDKROOT = iphoneos;
				SWIFT_COMPILATION_MODE = wholemodule;
				SWIFT_OPTIMIZATION_LEVEL = "-O";
				VALIDATE_PRODUCT = YES;
			};
			name = Release;
		};
		A78559D92941684E005239A2 /* Debug */ = {
			isa = XCBuildConfiguration;
			buildSettings = {
				ASSETCATALOG_COMPILER_APPICON_NAME = AppIcon;
				ASSETCATALOG_COMPILER_GLOBAL_ACCENT_COLOR_NAME = AccentColor;
				CODE_SIGN_STYLE = Automatic;
				CURRENT_PROJECT_VERSION = 1;
				DEVELOPMENT_ASSET_PATHS = "\"MongoGPT3Demo/Preview Content\"";
				DEVELOPMENT_TEAM = WA7P3QWA4H;
				ENABLE_PREVIEWS = YES;
				GENERATE_INFOPLIST_FILE = YES;
				INFOPLIST_FILE = MongoGPT3Demo/Info.plist;
				INFOPLIST_KEY_CFBundleDisplayName = Assistant;
				INFOPLIST_KEY_UIApplicationSceneManifest_Generation = YES;
				INFOPLIST_KEY_UIApplicationSupportsIndirectInputEvents = YES;
				INFOPLIST_KEY_UILaunchScreen_Generation = YES;
				INFOPLIST_KEY_UISupportedInterfaceOrientations_iPad = "UIInterfaceOrientationPortrait UIInterfaceOrientationPortraitUpsideDown UIInterfaceOrientationLandscapeLeft UIInterfaceOrientationLandscapeRight";
				INFOPLIST_KEY_UISupportedInterfaceOrientations_iPhone = "UIInterfaceOrientationPortrait UIInterfaceOrientationLandscapeLeft UIInterfaceOrientationLandscapeRight";
				IPHONEOS_DEPLOYMENT_TARGET = 15.0;
				LD_RUNPATH_SEARCH_PATHS = (
					"$(inherited)",
					"@executable_path/Frameworks",
				);
				MARKETING_VERSION = 1.0;
				PRODUCT_BUNDLE_IDENTIFIER = com.lakshmiprabu.MongoGPT3Demo;
				PRODUCT_NAME = "$(TARGET_NAME)";
				SWIFT_EMIT_LOC_STRINGS = YES;
				SWIFT_VERSION = 5.0;
				TARGETED_DEVICE_FAMILY = "1,2";
			};
			name = Debug;
		};
		A78559DA2941684E005239A2 /* Release */ = {
			isa = XCBuildConfiguration;
			buildSettings = {
				ASSETCATALOG_COMPILER_APPICON_NAME = AppIcon;
				ASSETCATALOG_COMPILER_GLOBAL_ACCENT_COLOR_NAME = AccentColor;
				CODE_SIGN_STYLE = Automatic;
				CURRENT_PROJECT_VERSION = 1;
				DEVELOPMENT_ASSET_PATHS = "\"MongoGPT3Demo/Preview Content\"";
				DEVELOPMENT_TEAM = WA7P3QWA4H;
				ENABLE_PREVIEWS = YES;
				GENERATE_INFOPLIST_FILE = YES;
				INFOPLIST_FILE = MongoGPT3Demo/Info.plist;
				INFOPLIST_KEY_CFBundleDisplayName = Assistant;
				INFOPLIST_KEY_UIApplicationSceneManifest_Generation = YES;
				INFOPLIST_KEY_UIApplicationSupportsIndirectInputEvents = YES;
				INFOPLIST_KEY_UILaunchScreen_Generation = YES;
				INFOPLIST_KEY_UISupportedInterfaceOrientations_iPad = "UIInterfaceOrientationPortrait UIInterfaceOrientationPortraitUpsideDown UIInterfaceOrientationLandscapeLeft UIInterfaceOrientationLandscapeRight";
				INFOPLIST_KEY_UISupportedInterfaceOrientations_iPhone = "UIInterfaceOrientationPortrait UIInterfaceOrientationLandscapeLeft UIInterfaceOrientationLandscapeRight";
				IPHONEOS_DEPLOYMENT_TARGET = 15.0;
				LD_RUNPATH_SEARCH_PATHS = (
					"$(inherited)",
					"@executable_path/Frameworks",
				);
				MARKETING_VERSION = 1.0;
				PRODUCT_BUNDLE_IDENTIFIER = com.lakshmiprabu.MongoGPT3Demo;
				PRODUCT_NAME = "$(TARGET_NAME)";
				SWIFT_EMIT_LOC_STRINGS = YES;
				SWIFT_VERSION = 5.0;
				TARGETED_DEVICE_FAMILY = "1,2";
			};
			name = Release;
		};
/* End XCBuildConfiguration section */

/* Begin XCConfigurationList section */
		A78559C52941684C005239A2 /* Build configuration list for PBXProject "MongoGPT3Demo" */ = {
			isa = XCConfigurationList;
			buildConfigurations = (
				A78559D62941684E005239A2 /* Debug */,
				A78559D72941684E005239A2 /* Release */,
			);
			defaultConfigurationIsVisible = 0;
			defaultConfigurationName = Release;
		};
		A78559D82941684E005239A2 /* Build configuration list for PBXNativeTarget "MongoGPT3Demo" */ = {
			isa = XCConfigurationList;
			buildConfigurations = (
				A78559D92941684E005239A2 /* Debug */,
				A78559DA2941684E005239A2 /* Release */,
			);
			defaultConfigurationIsVisible = 0;
			defaultConfigurationName = Release;
		};
/* End XCConfigurationList section */

/* Begin XCRemoteSwiftPackageReference section */
		A72BF1902968A748009963FA /* XCRemoteSwiftPackageReference "SwiftUIX" */ = {
			isa = XCRemoteSwiftPackageReference;
			repositoryURL = "https://github.com/SwiftUIX/SwiftUIX.git";
			requirement = {
				kind = upToNextMajorVersion;
				minimumVersion = 0.1.3;
			};
		};
		A72BF1932968AEB0009963FA /* XCRemoteSwiftPackageReference "Splash" */ = {
			isa = XCRemoteSwiftPackageReference;
			repositoryURL = "https://github.com/JohnSundell/Splash";
			requirement = {
				branch = master;
				kind = branch;
			};
		};
		A7341719296621EC006E9982 /* XCRemoteSwiftPackageReference "CodeEditor" */ = {
			isa = XCRemoteSwiftPackageReference;
			repositoryURL = "https://github.com/ZeeZide/CodeEditor.git";
			requirement = {
				kind = upToNextMajorVersion;
				minimumVersion = 1.0.0;
			};
		};
		A750B207295F5AF8002AD45A /* XCRemoteSwiftPackageReference "Alamofire" */ = {
			isa = XCRemoteSwiftPackageReference;
			repositoryURL = "https://github.com/Alamofire/Alamofire.git";
			requirement = {
				kind = upToNextMajorVersion;
				minimumVersion = 5.0.0;
			};
		};
		A750B215296353C0002AD45A /* XCRemoteSwiftPackageReference "SwiftyJSON" */ = {
			isa = XCRemoteSwiftPackageReference;
			repositoryURL = "https://github.com/SwiftyJSON/SwiftyJSON.git";
			requirement = {
				kind = upToNextMajorVersion;
				minimumVersion = 5.0.0;
			};
		};
		A77D10D12958D508002C9DD4 /* XCRemoteSwiftPackageReference "rive-ios" */ = {
			isa = XCRemoteSwiftPackageReference;
			repositoryURL = "https://github.com/rive-app/rive-ios";
			requirement = {
				kind = upToNextMajorVersion;
				minimumVersion = 3.0.0;
			};
		};
		A78559FA294195DE005239A2 /* XCRemoteSwiftPackageReference "OpenAISwift" */ = {
			isa = XCRemoteSwiftPackageReference;
			repositoryURL = "https://github.com/adamrushy/OpenAISwift.git";
			requirement = {
				branch = main;
				kind = branch;
			};
		};
/* End XCRemoteSwiftPackageReference section */

/* Begin XCSwiftPackageProductDependency section */
		A72BF1912968A748009963FA /* SwiftUIX */ = {
			isa = XCSwiftPackageProductDependency;
			package = A72BF1902968A748009963FA /* XCRemoteSwiftPackageReference "SwiftUIX" */;
			productName = SwiftUIX;
		};
		A72BF1942968AEB0009963FA /* Splash */ = {
			isa = XCSwiftPackageProductDependency;
			package = A72BF1932968AEB0009963FA /* XCRemoteSwiftPackageReference "Splash" */;
			productName = Splash;
		};
		A72BF1962968AEB0009963FA /* SplashHTMLGen */ = {
			isa = XCSwiftPackageProductDependency;
			package = A72BF1932968AEB0009963FA /* XCRemoteSwiftPackageReference "Splash" */;
			productName = SplashHTMLGen;
		};
		A72BF1982968AEB0009963FA /* SplashImageGen */ = {
			isa = XCSwiftPackageProductDependency;
			package = A72BF1932968AEB0009963FA /* XCRemoteSwiftPackageReference "Splash" */;
			productName = SplashImageGen;
		};
		A72BF19A2968AEB0009963FA /* SplashMarkdown */ = {
			isa = XCSwiftPackageProductDependency;
			package = A72BF1932968AEB0009963FA /* XCRemoteSwiftPackageReference "Splash" */;
			productName = SplashMarkdown;
		};
		A72BF19C2968AEB0009963FA /* SplashTokenizer */ = {
			isa = XCSwiftPackageProductDependency;
			package = A72BF1932968AEB0009963FA /* XCRemoteSwiftPackageReference "Splash" */;
			productName = SplashTokenizer;
		};
		A734171A296621EC006E9982 /* CodeEditor */ = {
			isa = XCSwiftPackageProductDependency;
			package = A7341719296621EC006E9982 /* XCRemoteSwiftPackageReference "CodeEditor" */;
			productName = CodeEditor;
		};
		A750B208295F5AF9002AD45A /* Alamofire */ = {
			isa = XCSwiftPackageProductDependency;
			package = A750B207295F5AF8002AD45A /* XCRemoteSwiftPackageReference "Alamofire" */;
			productName = Alamofire;
		};
		A750B216296353C1002AD45A /* SwiftyJSON */ = {
			isa = XCSwiftPackageProductDependency;
			package = A750B215296353C0002AD45A /* XCRemoteSwiftPackageReference "SwiftyJSON" */;
			productName = SwiftyJSON;
		};
		A77D10D22958D509002C9DD4 /* RiveRuntime */ = {
			isa = XCSwiftPackageProductDependency;
			package = A77D10D12958D508002C9DD4 /* XCRemoteSwiftPackageReference "rive-ios" */;
			productName = RiveRuntime;
		};
		A78559FB294195DE005239A2 /* OpenAISwift */ = {
			isa = XCSwiftPackageProductDependency;
			package = A78559FA294195DE005239A2 /* XCRemoteSwiftPackageReference "OpenAISwift" */;
			productName = OpenAISwift;
		};
/* End XCSwiftPackageProductDependency section */
	};
	rootObject = A78559C22941684C005239A2 /* Project object */;
}
